PODS:
  - FCExtensionSwiftKit (0.0.1):
    - FCExtensionSwiftKit/ButtonExtension (= 0.0.1)
    - FCExtensionSwiftKit/ColorExtension (= 0.0.1)
    - FCExtensionSwiftKit/StringExtension (= 0.0.1)
  - FCExtensionSwiftKit/ButtonExtension (0.0.1)
  - FCExtensionSwiftKit/ColorExtension (0.0.1)
  - FCExtensionSwiftKit/StringExtension (0.0.1)

DEPENDENCIES:
  - FCExtensionSwiftKit (from `../`)

EXTERNAL SOURCES:
  FCExtensionSwiftKit:
    :path: "../"

SPEC CHECKSUMS:
  FCExtensionSwiftKit: 121e3042f2e44a02002f97582c40362d57091ea3

PODFILE CHECKSUM: c1b72e70f0bbfb2dee1cec6f0a7fbc63e8e50b1c

COCOAPODS: 1.8.4
